# This file is automatically @generated by Cargo.
# It is not intended for manual editing.
version = 4

[[package]]
name = "beakid"
version = "0.2.3"
dependencies = [
 "tokistamp",
]

[[package]]
name = "tokistamp"
version = "0.1.1"
source = "registry+https://github.com/rust-lang/crates.io-index"
checksum = "7e5ed8e20a2b20b4dcd9a9146bccaea96b585f83679efee298e8d82755fe1bab"
